<?xml version="1.0" encoding="utf-8"?>
<Project ToolsVersion="15.0" xmlns="http://schemas.microsoft.com/developer/msbuild/2003">
  <ItemGroup>
    <Filter Include="Common">
      <UniqueIdentifier>5db1b3d5-be87-44c8-979a-0ebe608c2937</UniqueIdentifier>
    </Filter>
    <Filter Include="Assets">
      <UniqueIdentifier>b70e6470-2c1e-4099-8508-c75365b76af9</UniqueIdentifier>
      <Extensions>bmp;fbx;gif;jpg;jpeg;tga;tiff;tif;png</Extensions>
    </Filter>
    <Filter Include="Sources">
      <UniqueIdentifier>{b225da41-18d0-466a-ac04-1c93951db171}</UniqueIdentifier>
    </Filter>
    <Filter Include="Headers">
      <UniqueIdentifier>{d8355b2f-f08d-4019-8073-8311beb3682c}</UniqueIdentifier>
    </Filter>
  </ItemGroup>
  <ItemGroup>
    <ApplicationDefinition Include="App.xaml" />
  </ItemGroup>
  <ItemGroup>
    <ClCompile Include="App.xaml.cpp" />
    <ClCompile Include="MainPage.xaml.cpp" />
    <ClCompile Include="pch.cpp" />
    <ClCompile Include="ControlCenter.cpp">
      <Filter>Sources</Filter>
    </ClCompile>
  </ItemGroup>
  <ItemGroup>
    <ClInclude Include="pch.h" />
    <ClInclude Include="App.xaml.h" />
    <ClInclude Include="MainPage.xaml.h" />
    <ClInclude Include="ControlCenter.h">
      <Filter>Headers</Filter>
    </ClInclude>
  </ItemGroup>
  <ItemGroup>
    <Image Include="Assets\LockScreenLogo.scale-200.png">
      <Filter>Assets</Filter>
    </Image>
    <Image Include="Assets\SplashScreen.scale-200.png">
      <Filter>Assets</Filter>
    </Image>
    <Image Include="Assets\Square150x150Logo.scale-200.png">
      <Filter>Assets</Filter>
    </Image>
    <Image Include="Assets\Square44x44Logo.scale-200.png">
      <Filter>Assets</Filter>
    </Image>
    <Image Include="Assets\Square44x44Logo.targetsize-24_altform-unplated.png">
      <Filter>Assets</Filter>
    </Image>
    <Image Include="Assets\Wide310x150Logo.scale-200.png">
      <Filter>Assets</Filter>
    </Image>
    <Image Include="Assets\bvm_shadow.png">
      <Filter>Assets</Filter>
    </Image>
    <Image Include="Assets\ettube_shadow.png">
      <Filter>Assets</Filter>
    </Image>
    <Image Include="Assets\hand_palpate_shadow.png">
      <Filter>Assets</Filter>
    </Image>
    <Image Include="Assets\hand_point_shadow.png">
      <Filter>Assets</Filter>
    </Image>
    <Image Include="Assets\hand_stretch_shadow.png">
      <Filter>Assets</Filter>
    </Image>
    <Image Include="Assets\hemostat_shadow.png">
      <Filter>Assets</Filter>
    </Image>
    <Image Include="Assets\longhook_shadow.png">
      <Filter>Assets</Filter>
    </Image>
    <Image Include="Assets\retractor_shadow.png">
      <Filter>Assets</Filter>
    </Image>
    <Image Include="Assets\scalpel_shadow.png">
      <Filter>Assets</Filter>
    </Image>
    <Image Include="Assets\scissors_shadow.png">
      <Filter>Assets</Filter>
    </Image>
    <Image Include="Assets\stethoscope_shadow.png">
      <Filter>Assets</Filter>
    </Image>
    <Image Include="Assets\surgicaltape_shadow.png">
      <Filter>Assets</Filter>
    </Image>
    <Image Include="Assets\syringe_shadow.png">
      <Filter>Assets</Filter>
    </Image>
    <Image Include="Assets\text_close_shadow.png">
      <Filter>Assets</Filter>
    </Image>
    <Image Include="Assets\text_incision_shadow.png">
      <Filter>Assets</Filter>
    </Image>
    <Image Include="Assets\text_palpation_shadow.png">
      <Filter>Assets</Filter>
    </Image>
    <Image Include="Assets\text_remove_shadow.png">
      <Filter>Assets</Filter>
    </Image>
    <Image Include="Assets\text_stitch_shadow.png">
      <Filter>Assets</Filter>
    </Image>
    <Image Include="Assets\tweezers_shadow.png">
      <Filter>Assets</Filter>
    </Image>
    <Image Include="Assets\iodineswab_shadow.png">
      <Filter>Assets</Filter>
    </Image>
    <Image Include="Assets\operating_room.jpg">
      <Filter>Assets</Filter>
    </Image>
    <Image Include="Assets\trash_bin_closed.png">
      <Filter>Assets</Filter>
    </Image>
    <Image Include="Assets\trash_bin_open.png">
      <Filter>Assets</Filter>
    </Image>
    <Image Include="Assets\StoreLogo.scale-100.png">
      <Filter>Assets</Filter>
    </Image>
    <Image Include="Assets\StoreLogo.scale-125.png">
      <Filter>Assets</Filter>
    </Image>
    <Image Include="Assets\StoreLogo.scale-150.png">
      <Filter>Assets</Filter>
    </Image>
    <Image Include="Assets\StoreLogo.scale-200.png">
      <Filter>Assets</Filter>
    </Image>
    <Image Include="Assets\StoreLogo.scale-400.png">
      <Filter>Assets</Filter>
    </Image>
  </ItemGroup>
  <ItemGroup>
    <AppxManifest Include="Package.appxmanifest" />
  </ItemGroup>
  <ItemGroup>
    <None Include="MentorSystemUWP_TemporaryKey.pfx" />
  </ItemGroup>
  <ItemGroup>
    <Page Include="MainPage.xaml" />
  </ItemGroup>
</Project>